Microsoft Visual Studio Solution File, Format Version 12.00
# Visual Studio Version 17
VisualStudioVersion = 17.5.2.0
MinimumVisualStudioVersion = 10.0.40219.1
Project("{FAE04EC0-301F-11D3-BF4B-00C04F79EFBC}") = "Module2", "Module2.csproj", "{8AB5986A-D15F-2C3B-7E8F-A5B753F7A11E}"
EndProject
Global
	GlobalSection(SolutionConfigurationPlatforms) = preSolution
		Debug|Any CPU = Debug|Any CPU
		Release|Any CPU = Release|Any CPU
	EndGlobalSection
	GlobalSection(ProjectConfigurationPlatforms) = postSolution
		{8AB5986A-D15F-2C3B-7E8F-A5B753F7A11E}.Debug|Any CPU.ActiveCfg = Debug|Any CPU
		{8AB5986A-D15F-2C3B-7E8F-A5B753F7A11E}.Debug|Any CPU.Build.0 = Debug|Any CPU
		{8AB5986A-D15F-2C3B-7E8F-A5B753F7A11E}.Release|Any CPU.ActiveCfg = Release|Any CPU
		{8AB5986A-D15F-2C3B-7E8F-A5B753F7A11E}.Release|Any CPU.Build.0 = Release|Any CPU
	EndGlobalSection
	GlobalSection(SolutionProperties) = preSolution
		HideSolutionNode = FALSE
	EndGlobalSection
	GlobalSection(ExtensibilityGlobals) = postSolution
		SolutionGuid = {414AD505-2D6C-4D0C-A9FB-1BEC9AAA9887}
	EndGlobalSection
EndGlobal
